
Microsoft Visual Studio Solution File, Format Version 12.00
# Visual Studio Version 17
VisualStudioVersion = 17.14.36127.28
MinimumVisualStudioVersion = 10.0.40219.1
Project("{FAE04EC0-301F-11D3-BF4B-00C04F79EFBC}") = "MyChatApp.AppHost", "src\MyChatApp.AppHost\MyChatApp.AppHost.csproj", "{39CCE922-BB43-4AA7-9250-AFE3BC907B96}"
EndProject
Project("{FAE04EC0-301F-11D3-BF4B-00C04F79EFBC}") = "MyChatApp.ServiceDefaults", "src\MyChatApp.ServiceDefaults\MyChatApp.ServiceDefaults.csproj", "{A2C93826-BCCC-C6DD-3269-F6E8DF7A06B4}"
EndProject
Project("{FAE04EC0-301F-11D3-BF4B-00C04F79EFBC}") = "MyChatApp.ApiService", "src\MyChatApp.ApiService\MyChatApp.ApiService.csproj", "{FE382CCF-B5B5-7502-CA22-ABE99A3E2BB6}"
EndProject
Project("{FAE04EC0-301F-11D3-BF4B-00C04F79EFBC}") = "MyChatApp.Web", "src\MyChatApp.Web\MyChatApp.Web.csproj", "{9B448362-92C5-5AD8-406D-ECA538315BF4}"
EndProject
Project("{FAE04EC0-301F-11D3-BF4B-00C04F79EFBC}") = "MyChatApp.Tests", "src\MyChatApp.Tests\MyChatApp.Tests.csproj", "{B20B6C44-1964-1E20-ACC9-141CC5F03174}"
EndProject
Global
	GlobalSection(SolutionConfigurationPlatforms) = preSolution
		Debug|Any CPU = Debug|Any CPU
		Release|Any CPU = Release|Any CPU
	EndGlobalSection
	GlobalSection(ProjectConfigurationPlatforms) = postSolution
		{39CCE922-BB43-4AA7-9250-AFE3BC907B96}.Debug|Any CPU.ActiveCfg = Debug|Any CPU
		{39CCE922-BB43-4AA7-9250-AFE3BC907B96}.Debug|Any CPU.Build.0 = Debug|Any CPU
		{39CCE922-BB43-4AA7-9250-AFE3BC907B96}.Release|Any CPU.ActiveCfg = Release|Any CPU
		{39CCE922-BB43-4AA7-9250-AFE3BC907B96}.Release|Any CPU.Build.0 = Release|Any CPU
		{A2C93826-BCCC-C6DD-3269-F6E8DF7A06B4}.Debug|Any CPU.ActiveCfg = Debug|Any CPU
		{A2C93826-BCCC-C6DD-3269-F6E8DF7A06B4}.Debug|Any CPU.Build.0 = Debug|Any CPU
		{A2C93826-BCCC-C6DD-3269-F6E8DF7A06B4}.Release|Any CPU.ActiveCfg = Release|Any CPU
		{A2C93826-BCCC-C6DD-3269-F6E8DF7A06B4}.Release|Any CPU.Build.0 = Release|Any CPU
		{FE382CCF-B5B5-7502-CA22-ABE99A3E2BB6}.Debug|Any CPU.ActiveCfg = Debug|Any CPU
		{FE382CCF-B5B5-7502-CA22-ABE99A3E2BB6}.Debug|Any CPU.Build.0 = Debug|Any CPU
		{FE382CCF-B5B5-7502-CA22-ABE99A3E2BB6}.Release|Any CPU.ActiveCfg = Release|Any CPU
		{FE382CCF-B5B5-7502-CA22-ABE99A3E2BB6}.Release|Any CPU.Build.0 = Release|Any CPU
		{9B448362-92C5-5AD8-406D-ECA538315BF4}.Debug|Any CPU.ActiveCfg = Debug|Any CPU
		{9B448362-92C5-5AD8-406D-ECA538315BF4}.Debug|Any CPU.Build.0 = Debug|Any CPU
		{9B448362-92C5-5AD8-406D-ECA538315BF4}.Release|Any CPU.ActiveCfg = Release|Any CPU
		{9B448362-92C5-5AD8-406D-ECA538315BF4}.Release|Any CPU.Build.0 = Release|Any CPU
		{B20B6C44-1964-1E20-ACC9-141CC5F03174}.Debug|Any CPU.ActiveCfg = Debug|Any CPU
		{B20B6C44-1964-1E20-ACC9-141CC5F03174}.Debug|Any CPU.Build.0 = Debug|Any CPU
		{B20B6C44-1964-1E20-ACC9-141CC5F03174}.Release|Any CPU.ActiveCfg = Release|Any CPU
		{B20B6C44-1964-1E20-ACC9-141CC5F03174}.Release|Any CPU.Build.0 = Release|Any CPU
	EndGlobalSection
	GlobalSection(SolutionProperties) = preSolution
		HideSolutionNode = FALSE
	EndGlobalSection
	GlobalSection(ExtensibilityGlobals) = postSolution
		SolutionGuid = {785894C9-7CE5-438C-A73A-D01A69C29223}
	EndGlobalSection
EndGlobal
